// !$*UTF8*$!
{
	archiveVersion = 1;
	classes = {
	};
	objectVersion = 56;
	objects = {

/* Begin PBXBuildFile section */
		3E56CFE7293F1547004C8BCD /* AppDelegate.swift in Sources */ = {isa = PBXBuildFile; fileRef = 3E56CFE6293F1547004C8BCD /* AppDelegate.swift */; };
		3E56CFEB293F1547004C8BCD /* TaskListViewController.swift in Sources */ = {isa = PBXBuildFile; fileRef = 3E56CFEA293F1547004C8BCD /* TaskListViewController.swift */; };
		3E56CFF1293F1547004C8BCD /* CoreDataDemoApp.xcdatamodeld in Sources */ = {isa = PBXBuildFile; fileRef = 3E56CFEF293F1547004C8BCD /* CoreDataDemoApp.xcdatamodeld */; };
		3E56CFF3293F1549004C8BCD /* Assets.xcassets in Resources */ = {isa = PBXBuildFile; fileRef = 3E56CFF2293F1549004C8BCD /* Assets.xcassets */; };
		3E56CFF6293F1549004C8BCD /* LaunchScreen.storyboard in Resources */ = {isa = PBXBuildFile; fileRef = 3E56CFF4293F1549004C8BCD /* LaunchScreen.storyboard */; };
		3E56CFFE293F23CB004C8BCD /* TaskViewController.swift in Sources */ = {isa = PBXBuildFile; fileRef = 3E56CFFD293F23CB004C8BCD /* TaskViewController.swift */; };
		3E56D000293F33A7004C8BCD /* UIButton + Ext.swift in Sources */ = {isa = PBXBuildFile; fileRef = 3E56CFFF293F33A7004C8BCD /* UIButton + Ext.swift */; };
/* End PBXBuildFile section */

/* Begin PBXFileReference section */
		3E56CFE3293F1547004C8BCD /* CoreDataDemoApp.app */ = {isa = PBXFileReference; explicitFileType = wrapper.application; includeInIndex = 0; path = CoreDataDemoApp.app; sourceTree = BUILT_PRODUCTS_DIR; };
		3E56CFE6293F1547004C8BCD /* AppDelegate.swift */ = {isa = PBXFileReference; lastKnownFileType = sourcecode.swift; path = AppDelegate.swift; sourceTree = "<group>"; };
		3E56CFEA293F1547004C8BCD /* TaskListViewController.swift */ = {isa = PBXFileReference; lastKnownFileType = sourcecode.swift; path = TaskListViewController.swift; sourceTree = "<group>"; };
		3E56CFF0293F1547004C8BCD /* CoreDataDemoApp.xcdatamodel */ = {isa = PBXFileReference; lastKnownFileType = wrapper.xcdatamodel; path = CoreDataDemoApp.xcdatamodel; sourceTree = "<group>"; };
		3E56CFF2293F1549004C8BCD /* Assets.xcassets */ = {isa = PBXFileReference; lastKnownFileType = folder.assetcatalog; path = Assets.xcassets; sourceTree = "<group>"; };
		3E56CFF5293F1549004C8BCD /* Base */ = {isa = PBXFileReference; lastKnownFileType = file.storyboard; name = Base; path = Base.lproj/LaunchScreen.storyboard; sourceTree = "<group>"; };
		3E56CFF7293F1549004C8BCD /* Info.plist */ = {isa = PBXFileReference; lastKnownFileType = text.plist.xml; path = Info.plist; sourceTree = "<group>"; };
		3E56CFFD293F23CB004C8BCD /* TaskViewController.swift */ = {isa = PBXFileReference; lastKnownFileType = sourcecode.swift; path = TaskViewController.swift; sourceTree = "<group>"; };
		3E56CFFF293F33A7004C8BCD /* UIButton + Ext.swift */ = {isa = PBXFileReference; lastKnownFileType = sourcecode.swift; path = "UIButton + Ext.swift"; sourceTree = "<group>"; };
/* End PBXFileReference section */

/* Begin PBXFrameworksBuildPhase section */
		3E56CFE0293F1547004C8BCD /* Frameworks */ = {
			isa = PBXFrameworksBuildPhase;
			buildActionMask = 2147483647;
			files = (
			);
			runOnlyForDeploymentPostprocessing = 0;
		};
/* End PBXFrameworksBuildPhase section */

/* Begin PBXGroup section */
		3E56CFDA293F1547004C8BCD = {
			isa = PBXGroup;
			children = (
				3E56CFE5293F1547004C8BCD /* CoreDataDemoApp */,
				3E56CFE4293F1547004C8BCD /* Products */,
			);
			sourceTree = "<group>";
		};
		3E56CFE4293F1547004C8BCD /* Products */ = {
			isa = PBXGroup;
			children = (
				3E56CFE3293F1547004C8BCD /* CoreDataDemoApp.app */,
			);
			name = Products;
			sourceTree = "<group>";
		};
		3E56CFE5293F1547004C8BCD /* CoreDataDemoApp */ = {
			isa = PBXGroup;
			children = (
				3E56CFE6293F1547004C8BCD /* AppDelegate.swift */,
				3E56CFEA293F1547004C8BCD /* TaskListViewController.swift */,
				3E56CFFD293F23CB004C8BCD /* TaskViewController.swift */,
				3E56CFF2293F1549004C8BCD /* Assets.xcassets */,
				3E56CFF4293F1549004C8BCD /* LaunchScreen.storyboard */,
				3E56CFF7293F1549004C8BCD /* Info.plist */,
				3E56CFEF293F1547004C8BCD /* CoreDataDemoApp.xcdatamodeld */,
				3E56CFFF293F33A7004C8BCD /* UIButton + Ext.swift */,
			);
			path = CoreDataDemoApp;
			sourceTree = "<group>";
		};
/* End PBXGroup section */

/* Begin PBXNativeTarget section */
		3E56CFE2293F1547004C8BCD /* CoreDataDemoApp */ = {
			isa = PBXNativeTarget;
			buildConfigurationList = 3E56CFFA293F1549004C8BCD /* Build configuration list for PBXNativeTarget "CoreDataDemoApp" */;
			buildPhases = (
				3E56CFDF293F1547004C8BCD /* Sources */,
				3E56CFE0293F1547004C8BCD /* Frameworks */,
				3E56CFE1293F1547004C8BCD /* Resources */,
			);
			buildRules = (
			);
			dependencies = (
			);
			name = CoreDataDemoApp;
			productName = CoreDataDemoApp;
			productReference = 3E56CFE3293F1547004C8BCD /* CoreDataDemoApp.app */;
			productType = "com.apple.product-type.application";
		};
/* End PBXNativeTarget section */

/* Begin PBXProject section */
		3E56CFDB293F1547004C8BCD /* Project object */ = {
			isa = PBXProject;
			attributes = {
				BuildIndependentTargetsInParallel = 1;
				LastSwiftUpdateCheck = 1400;
				LastUpgradeCheck = 1400;
				TargetAttributes = {
					3E56CFE2293F1547004C8BCD = {
						CreatedOnToolsVersion = 14.0.1;
					};
				};
			};
			buildConfigurationList = 3E56CFDE293F1547004C8BCD /* Build configuration list for PBXProject "CoreDataDemoApp" */;
			compatibilityVersion = "Xcode 14.0";
			developmentRegion = en;
			hasScannedForEncodings = 0;
			knownRegions = (
				en,
				Base,
			);
			mainGroup = 3E56CFDA293F1547004C8BCD;
			productRefGroup = 3E56CFE4293F1547004C8BCD /* Products */;
			projectDirPath = "";
			projectRoot = "";
			targets = (
				3E56CFE2293F1547004C8BCD /* CoreDataDemoApp */,
			);
		};
/* End PBXProject section */

/* Begin PBXResourcesBuildPhase section */
		3E56CFE1293F1547004C8BCD /* Resources */ = {
			isa = PBXResourcesBuildPhase;
			buildActionMask = 2147483647;
			files = (
				3E56CFF6293F1549004C8BCD /* LaunchScreen.storyboard in Resources */,
				3E56CFF3293F1549004C8BCD /* Assets.xcassets in Resources */,
			);
			runOnlyForDeploymentPostprocessing = 0;
		};
/* End PBXResourcesBuildPhase section */

/* Begin PBXSourcesBuildPhase section */
		3E56CFDF293F1547004C8BCD /* Sources */ = {
			isa = PBXSourcesBuildPhase;
			buildActionMask = 2147483647;
			files = (
				3E56CFEB293F1547004C8BCD /* TaskListViewController.swift in Sources */,
				3E56CFFE293F23CB004C8BCD /* TaskViewController.swift in Sources */,
				3E56CFF1293F1547004C8BCD /* CoreDataDemoApp.xcdatamodeld in Sources */,
				3E56CFE7293F1547004C8BCD /* AppDelegate.swift in Sources */,
				3E56D000293F33A7004C8BCD /* UIButton + Ext.swift in Sources */,
			);
			runOnlyForDeploymentPostprocessing = 0;
		};
/* End PBXSourcesBuildPhase section */

/* Begin PBXVariantGroup section */
		3E56CFF4293F1549004C8BCD /* LaunchScreen.storyboard */ = {
			isa = PBXVariantGroup;
			children = (
				3E56CFF5293F1549004C8BCD /* Base */,
			);
			name = LaunchScreen.storyboard;
			sourceTree = "<group>";
		};
/* End PBXVariantGroup section */

/* Begin XCBuildConfiguration section */
		3E56CFF8293F1549004C8BCD /* Debug */ = {
			isa = XCBuildConfiguration;
			buildSettings = {
				ALWAYS_SEARCH_USER_PATHS = NO;
				CLANG_ANALYZER_NONNULL = YES;
				CLANG_ANALYZER_NUMBER_OBJECT_CONVERSION = YES_AGGRESSIVE;
				CLANG_CXX_LANGUAGE_STANDARD = "gnu++20";
				CLANG_ENABLE_MODULES = YES;
				CLANG_ENABLE_OBJC_ARC = YES;
				CLANG_ENABLE_OBJC_WEAK = YES;
				CLANG_WARN_BLOCK_CAPTURE_AUTORELEASING = YES;
				CLANG_WARN_BOOL_CONVERSION = YES;
				CLANG_WARN_COMMA = YES;
				CLANG_WARN_CONSTANT_CONVERSION = YES;
				CLANG_WARN_DEPRECATED_OBJC_IMPLEMENTATIONS = YES;
				CLANG_WARN_DIRECT_OBJC_ISA_USAGE = YES_ERROR;
				CLANG_WARN_DOCUMENTATION_COMMENTS = YES;
				CLANG_WARN_EMPTY_BODY = YES;
				CLANG_WARN_ENUM_CONVERSION = YES;
				CLANG_WARN_INFINITE_RECURSION = YES;
				CLANG_WARN_INT_CONVERSION = YES;
				CLANG_WARN_NON_LITERAL_NULL_CONVERSION = YES;
				CLANG_WARN_OBJC_IMPLICIT_RETAIN_SELF = YES;
				CLANG_WARN_OBJC_LITERAL_CONVERSION = YES;
				CLANG_WARN_OBJC_ROOT_CLASS = YES_ERROR;
				CLANG_WARN_QUOTED_INCLUDE_IN_FRAMEWORK_HEADER = YES;
				CLANG_WARN_RANGE_LOOP_ANALYSIS = YES;
				CLANG_WARN_STRICT_PROTOTYPES = YES;
				CLANG_WARN_SUSPICIOUS_MOVE = YES;
				CLANG_WARN_UNGUARDED_AVAILABILITY = YES_AGGRESSIVE;
				CLANG_WARN_UNREACHABLE_CODE = YES;
				CLANG_WARN__DUPLICATE_METHOD_MATCH = YES;
				COPY_PHASE_STRIP = NO;
				DEBUG_INFORMATION_FORMAT = dwarf;
				ENABLE_STRICT_OBJC_MSGSEND = YES;
				ENABLE_TESTABILITY = YES;
				GCC_C_LANGUAGE_STANDARD = gnu11;
				GCC_DYNAMIC_NO_PIC = NO;
				GCC_NO_COMMON_BLOCKS = YES;
				GCC_OPTIMIZATION_LEVEL = 0;
				GCC_PREPROCESSOR_DEFINITIONS = (
					"DEBUG=1",
					"$(inherited)",
				);
				GCC_WARN_64_TO_32_BIT_CONVERSION = YES;
				GCC_WARN_ABOUT_RETURN_TYPE = YES_ERROR;
				GCC_WARN_UNDECLARED_SELECTOR = YES;
				GCC_WARN_UNINITIALIZED_AUTOS = YES_AGGRESSIVE;
				GCC_WARN_UNUSED_FUNCTION = YES;
				GCC_WARN_UNUSED_VARIABLE = YES;
				IPHONEOS_DEPLOYMENT_TARGET = 16.0;
				MTL_ENABLE_DEBUG_INFO = INCLUDE_SOURCE;
				MTL_FAST_MATH = YES;
				ONLY_ACTIVE_ARCH = YES;
				SDKROOT = iphoneos;
				SWIFT_ACTIVE_COMPILATION_CONDITIONS = DEBUG;
				SWIFT_OPTIMIZATION_LEVEL = "-Onone";
			};
			name = Debug;
		};
		3E56CFF9293F1549004C8BCD /* Release */ = {
			isa = XCBuildConfiguration;
			buildSettings = {
				ALWAYS_SEARCH_USER_PATHS = NO;
				CLANG_ANALYZER_NONNULL = YES;
				CLANG_ANALYZER_NUMBER_OBJECT_CONVERSION = YES_AGGRESSIVE;
				CLANG_CXX_LANGUAGE_STANDARD = "gnu++20";
				CLANG_ENABLE_MODULES = YES;
				CLANG_ENABLE_OBJC_ARC = YES;
				CLANG_ENABLE_OBJC_WEAK = YES;
				CLANG_WARN_BLOCK_CAPTURE_AUTORELEASING = YES;
				CLANG_WARN_BOOL_CONVERSION = YES;
				CLANG_WARN_COMMA = YES;
				CLANG_WARN_CONSTANT_CONVERSION = YES;
				CLANG_WARN_DEPRECATED_OBJC_IMPLEMENTATIONS = YES;
				CLANG_WARN_DIRECT_OBJC_ISA_USAGE = YES_ERROR;
				CLANG_WARN_DOCUMENTATION_COMMENTS = YES;
				CLANG_WARN_EMPTY_BODY = YES;
				CLANG_WARN_ENUM_CONVERSION = YES;
				CLANG_WARN_INFINITE_RECURSION = YES;
				CLANG_WARN_INT_CONVERSION = YES;
				CLANG_WARN_NON_LITERAL_NULL_CONVERSION = YES;
				CLANG_WARN_OBJC_IMPLICIT_RETAIN_SELF = YES;
				CLANG_WARN_OBJC_LITERAL_CONVERSION = YES;
				CLANG_WARN_OBJC_ROOT_CLASS = YES_ERROR;
				CLANG_WARN_QUOTED_INCLUDE_IN_FRAMEWORK_HEADER = YES;
				CLANG_WARN_RANGE_LOOP_ANALYSIS = YES;
				CLANG_WARN_STRICT_PROTOTYPES = YES;
				CLANG_WARN_SUSPICIOUS_MOVE = YES;
				CLANG_WARN_UNGUARDED_AVAILABILITY = YES_AGGRESSIVE;
				CLANG_WARN_UNREACHABLE_CODE = YES;
				CLANG_WARN__DUPLICATE_METHOD_MATCH = YES;
				COPY_PHASE_STRIP = NO;
				DEBUG_INFORMATION_FORMAT = "dwarf-with-dsym";
				ENABLE_NS_ASSERTIONS = NO;
				ENABLE_STRICT_OBJC_MSGSEND = YES;
				GCC_C_LANGUAGE_STANDARD = gnu11;
				GCC_NO_COMMON_BLOCKS = YES;
				GCC_WARN_64_TO_32_BIT_CONVERSION = YES;
				GCC_WARN_ABOUT_RETURN_TYPE = YES_ERROR;
				GCC_WARN_UNDECLARED_SELECTOR = YES;
				GCC_WARN_UNINITIALIZED_AUTOS = YES_AGGRESSIVE;
				GCC_WARN_UNUSED_FUNCTION = YES;
				GCC_WARN_UNUSED_VARIABLE = YES;
				IPHONEOS_DEPLOYMENT_TARGET = 16.0;
				MTL_ENABLE_DEBUG_INFO = NO;
				MTL_FAST_MATH = YES;
				SDKROOT = iphoneos;
				SWIFT_COMPILATION_MODE = wholemodule;
				SWIFT_OPTIMIZATION_LEVEL = "-O";
				VALIDATE_PRODUCT = YES;
			};
			name = Release;
		};
		3E56CFFB293F1549004C8BCD /* Debug */ = {
			isa = XCBuildConfiguration;
			buildSettings = {
				ASSETCATALOG_COMPILER_APPICON_NAME = AppIcon;
				ASSETCATALOG_COMPILER_GLOBAL_ACCENT_COLOR_NAME = AccentColor;
				CODE_SIGN_STYLE = Automatic;
				CURRENT_PROJECT_VERSION = 1;
				DEVELOPMENT_TEAM = YQHRAS38BD;
				GENERATE_INFOPLIST_FILE = YES;
				INFOPLIST_FILE = CoreDataDemoApp/Info.plist;
				INFOPLIST_KEY_UIApplicationSupportsIndirectInputEvents = YES;
				INFOPLIST_KEY_UILaunchStoryboardName = LaunchScreen;
				INFOPLIST_KEY_UIStatusBarStyle = UIStatusBarStyleLightContent;
				IPHONEOS_DEPLOYMENT_TARGET = 15.0;
				LD_RUNPATH_SEARCH_PATHS = (
					"$(inherited)",
					"@executable_path/Frameworks",
				);
				MARKETING_VERSION = 1.0;
				PRODUCT_BUNDLE_IDENTIFIER = "ru.av-studio.CoreDataDemoApp";
				PRODUCT_NAME = "$(TARGET_NAME)";
				SUPPORTED_PLATFORMS = "iphoneos iphonesimulator";
				SUPPORTS_MACCATALYST = NO;
				SUPPORTS_MAC_DESIGNED_FOR_IPHONE_IPAD = NO;
				SWIFT_EMIT_LOC_STRINGS = YES;
				SWIFT_VERSION = 5.0;
				TARGETED_DEVICE_FAMILY = 1;
			};
			name = Debug;
		};
		3E56CFFC293F1549004C8BCD /* Release */ = {
			isa = XCBuildConfiguration;
			buildSettings = {
				ASSETCATALOG_COMPILER_APPICON_NAME = AppIcon;
				ASSETCATALOG_COMPILER_GLOBAL_ACCENT_COLOR_NAME = AccentColor;
				CODE_SIGN_STYLE = Automatic;
				CURRENT_PROJECT_VERSION = 1;
				DEVELOPMENT_TEAM = YQHRAS38BD;
				GENERATE_INFOPLIST_FILE = YES;
				INFOPLIST_FILE = CoreDataDemoApp/Info.plist;
				INFOPLIST_KEY_UIApplicationSupportsIndirectInputEvents = YES;
				INFOPLIST_KEY_UILaunchStoryboardName = LaunchScreen;
				INFOPLIST_KEY_UIStatusBarStyle = UIStatusBarStyleLightContent;
				IPHONEOS_DEPLOYMENT_TARGET = 15.0;
				LD_RUNPATH_SEARCH_PATHS = (
					"$(inherited)",
					"@executable_path/Frameworks",
				);
				MARKETING_VERSION = 1.0;
				PRODUCT_BUNDLE_IDENTIFIER = "ru.av-studio.CoreDataDemoApp";
				PRODUCT_NAME = "$(TARGET_NAME)";
				SUPPORTED_PLATFORMS = "iphoneos iphonesimulator";
				SUPPORTS_MACCATALYST = NO;
				SUPPORTS_MAC_DESIGNED_FOR_IPHONE_IPAD = NO;
				SWIFT_EMIT_LOC_STRINGS = YES;
				SWIFT_VERSION = 5.0;
				TARGETED_DEVICE_FAMILY = 1;
			};
			name = Release;
		};
/* End XCBuildConfiguration section */

/* Begin XCConfigurationList section */
		3E56CFDE293F1547004C8BCD /* Build configuration list for PBXProject "CoreDataDemoApp" */ = {
			isa = XCConfigurationList;
			buildConfigurations = (
				3E56CFF8293F1549004C8BCD /* Debug */,
				3E56CFF9293F1549004C8BCD /* Release */,
			);
			defaultConfigurationIsVisible = 0;
			defaultConfigurationName = Release;
		};
		3E56CFFA293F1549004C8BCD /* Build configuration list for PBXNativeTarget "CoreDataDemoApp" */ = {
			isa = XCConfigurationList;
			buildConfigurations = (
				3E56CFFB293F1549004C8BCD /* Debug */,
				3E56CFFC293F1549004C8BCD /* Release */,
			);
			defaultConfigurationIsVisible = 0;
			defaultConfigurationName = Release;
		};
/* End XCConfigurationList section */

/* Begin XCVersionGroup section */
		3E56CFEF293F1547004C8BCD /* CoreDataDemoApp.xcdatamodeld */ = {
			isa = XCVersionGroup;
			children = (
				3E56CFF0293F1547004C8BCD /* CoreDataDemoApp.xcdatamodel */,
			);
			currentVersion = 3E56CFF0293F1547004C8BCD /* CoreDataDemoApp.xcdatamodel */;
			path = CoreDataDemoApp.xcdatamodeld;
			sourceTree = "<group>";
			versionGroupType = wrapper.xcdatamodel;
		};
/* End XCVersionGroup section */
	};
	rootObject = 3E56CFDB293F1547004C8BCD /* Project object */;
}
